
Microsoft Visual Studio Solution File, Format Version 12.00
# Visual Studio 15
VisualStudioVersion = 15.0.27703.2047
MinimumVisualStudioVersion = 10.0.40219.1
Project("{8BC9CEB8-8B4A-11D0-8D11-00A0C91BC942}") = "000_env_test", "000_env_test.vcxproj", "{5A9F6379-3A77-45E6-B34E-5476FC274992}"
EndProject
Project("{8BC9CEB8-8B4A-11D0-8D11-00A0C91BC942}") = "001_Triangle", "..\001_Triangle\001_Triangle.vcxproj", "{B23F4FE5-5F83-42D1-B1E8-5AC2E96FDEED}"
EndProject
Project("{8BC9CEB8-8B4A-11D0-8D11-00A0C91BC942}") = "002_shader", "..\002_shader\002_shader.vcxproj", "{11ADE91E-F32F-45A1-94DC-461C284D70F4}"
EndProject
Project("{8BC9CEB8-8B4A-11D0-8D11-00A0C91BC942}") = "003_texture", "..\003_texture\003_texture.vcxproj", "{B6FDF196-9DF3-4656-8508-9D7211712438}"
EndProject
Project("{8BC9CEB8-8B4A-11D0-8D11-00A0C91BC942}") = "004_transform", "..\004_transform\004_transform.vcxproj", "{B28D14AF-D1F3-4C12-B2B7-EC3B102A66F6}"
EndProject
Project("{8BC9CEB8-8B4A-11D0-8D11-00A0C91BC942}") = "005_coord", "..\005_coord\005_coord.vcxproj", "{F0B45783-DA99-4057-ABA5-E7697D84C8C1}"
EndProject
Project("{8BC9CEB8-8B4A-11D0-8D11-00A0C91BC942}") = "006_FPS_Camera", "..\006_FPS_Camera\006_FPS_Camera.vcxproj", "{0F6809FF-9088-46CC-88C5-14CB26E553A7}"
EndProject
Global
	GlobalSection(SolutionConfigurationPlatforms) = preSolution
		Debug|x64 = Debug|x64
		Debug|x86 = Debug|x86
		Release|x64 = Release|x64
		Release|x86 = Release|x86
	EndGlobalSection
	GlobalSection(ProjectConfigurationPlatforms) = postSolution
		{5A9F6379-3A77-45E6-B34E-5476FC274992}.Debug|x64.ActiveCfg = Debug|x64
		{5A9F6379-3A77-45E6-B34E-5476FC274992}.Debug|x64.Build.0 = Debug|x64
		{5A9F6379-3A77-45E6-B34E-5476FC274992}.Debug|x86.ActiveCfg = Debug|Win32
		{5A9F6379-3A77-45E6-B34E-5476FC274992}.Debug|x86.Build.0 = Debug|Win32
		{5A9F6379-3A77-45E6-B34E-5476FC274992}.Release|x64.ActiveCfg = Release|x64
		{5A9F6379-3A77-45E6-B34E-5476FC274992}.Release|x64.Build.0 = Release|x64
		{5A9F6379-3A77-45E6-B34E-5476FC274992}.Release|x86.ActiveCfg = Release|Win32
		{5A9F6379-3A77-45E6-B34E-5476FC274992}.Release|x86.Build.0 = Release|Win32
		{B23F4FE5-5F83-42D1-B1E8-5AC2E96FDEED}.Debug|x64.ActiveCfg = Debug|x64
		{B23F4FE5-5F83-42D1-B1E8-5AC2E96FDEED}.Debug|x64.Build.0 = Debug|x64
		{B23F4FE5-5F83-42D1-B1E8-5AC2E96FDEED}.Debug|x86.ActiveCfg = Debug|Win32
		{B23F4FE5-5F83-42D1-B1E8-5AC2E96FDEED}.Debug|x86.Build.0 = Debug|Win32
		{B23F4FE5-5F83-42D1-B1E8-5AC2E96FDEED}.Release|x64.ActiveCfg = Release|x64
		{B23F4FE5-5F83-42D1-B1E8-5AC2E96FDEED}.Release|x64.Build.0 = Release|x64
		{B23F4FE5-5F83-42D1-B1E8-5AC2E96FDEED}.Release|x86.ActiveCfg = Release|Win32
		{B23F4FE5-5F83-42D1-B1E8-5AC2E96FDEED}.Release|x86.Build.0 = Release|Win32
		{11ADE91E-F32F-45A1-94DC-461C284D70F4}.Debug|x64.ActiveCfg = Debug|x64
		{11ADE91E-F32F-45A1-94DC-461C284D70F4}.Debug|x64.Build.0 = Debug|x64
		{11ADE91E-F32F-45A1-94DC-461C284D70F4}.Debug|x86.ActiveCfg = Debug|Win32
		{11ADE91E-F32F-45A1-94DC-461C284D70F4}.Debug|x86.Build.0 = Debug|Win32
		{11ADE91E-F32F-45A1-94DC-461C284D70F4}.Release|x64.ActiveCfg = Release|x64
		{11ADE91E-F32F-45A1-94DC-461C284D70F4}.Release|x64.Build.0 = Release|x64
		{11ADE91E-F32F-45A1-94DC-461C284D70F4}.Release|x86.ActiveCfg = Release|Win32
		{11ADE91E-F32F-45A1-94DC-461C284D70F4}.Release|x86.Build.0 = Release|Win32
		{B6FDF196-9DF3-4656-8508-9D7211712438}.Debug|x64.ActiveCfg = Debug|x64
		{B6FDF196-9DF3-4656-8508-9D7211712438}.Debug|x64.Build.0 = Debug|x64
		{B6FDF196-9DF3-4656-8508-9D7211712438}.Debug|x86.ActiveCfg = Debug|Win32
		{B6FDF196-9DF3-4656-8508-9D7211712438}.Debug|x86.Build.0 = Debug|Win32
		{B6FDF196-9DF3-4656-8508-9D7211712438}.Release|x64.ActiveCfg = Release|x64
		{B6FDF196-9DF3-4656-8508-9D7211712438}.Release|x64.Build.0 = Release|x64
		{B6FDF196-9DF3-4656-8508-9D7211712438}.Release|x86.ActiveCfg = Release|Win32
		{B6FDF196-9DF3-4656-8508-9D7211712438}.Release|x86.Build.0 = Release|Win32
		{B28D14AF-D1F3-4C12-B2B7-EC3B102A66F6}.Debug|x64.ActiveCfg = Debug|x64
		{B28D14AF-D1F3-4C12-B2B7-EC3B102A66F6}.Debug|x64.Build.0 = Debug|x64
		{B28D14AF-D1F3-4C12-B2B7-EC3B102A66F6}.Debug|x86.ActiveCfg = Debug|Win32
		{B28D14AF-D1F3-4C12-B2B7-EC3B102A66F6}.Debug|x86.Build.0 = Debug|Win32
		{B28D14AF-D1F3-4C12-B2B7-EC3B102A66F6}.Release|x64.ActiveCfg = Release|x64
		{B28D14AF-D1F3-4C12-B2B7-EC3B102A66F6}.Release|x64.Build.0 = Release|x64
		{B28D14AF-D1F3-4C12-B2B7-EC3B102A66F6}.Release|x86.ActiveCfg = Release|Win32
		{B28D14AF-D1F3-4C12-B2B7-EC3B102A66F6}.Release|x86.Build.0 = Release|Win32
		{F0B45783-DA99-4057-ABA5-E7697D84C8C1}.Debug|x64.ActiveCfg = Debug|x64
		{F0B45783-DA99-4057-ABA5-E7697D84C8C1}.Debug|x64.Build.0 = Debug|x64
		{F0B45783-DA99-4057-ABA5-E7697D84C8C1}.Debug|x86.ActiveCfg = Debug|Win32
		{F0B45783-DA99-4057-ABA5-E7697D84C8C1}.Debug|x86.Build.0 = Debug|Win32
		{F0B45783-DA99-4057-ABA5-E7697D84C8C1}.Release|x64.ActiveCfg = Release|x64
		{F0B45783-DA99-4057-ABA5-E7697D84C8C1}.Release|x64.Build.0 = Release|x64
		{F0B45783-DA99-4057-ABA5-E7697D84C8C1}.Release|x86.ActiveCfg = Release|Win32
		{F0B45783-DA99-4057-ABA5-E7697D84C8C1}.Release|x86.Build.0 = Release|Win32
		{0F6809FF-9088-46CC-88C5-14CB26E553A7}.Debug|x64.ActiveCfg = Debug|x64
		{0F6809FF-9088-46CC-88C5-14CB26E553A7}.Debug|x64.Build.0 = Debug|x64
		{0F6809FF-9088-46CC-88C5-14CB26E553A7}.Debug|x86.ActiveCfg = Debug|Win32
		{0F6809FF-9088-46CC-88C5-14CB26E553A7}.Debug|x86.Build.0 = Debug|Win32
		{0F6809FF-9088-46CC-88C5-14CB26E553A7}.Release|x64.ActiveCfg = Release|x64
		{0F6809FF-9088-46CC-88C5-14CB26E553A7}.Release|x64.Build.0 = Release|x64
		{0F6809FF-9088-46CC-88C5-14CB26E553A7}.Release|x86.ActiveCfg = Release|Win32
		{0F6809FF-9088-46CC-88C5-14CB26E553A7}.Release|x86.Build.0 = Release|Win32
	EndGlobalSection
	GlobalSection(SolutionProperties) = preSolution
		HideSolutionNode = FALSE
	EndGlobalSection
	GlobalSection(ExtensibilityGlobals) = postSolution
		SolutionGuid = {D7BFA5D7-C931-4E24-9864-E1D4D8854C06}
	EndGlobalSection
EndGlobal
